
Microsoft Visual Studio Solution File, Format Version 12.00
# Visual Studio Version 17
VisualStudioVersion = 17.4.33122.133
MinimumVisualStudioVersion = 10.0.40219.1
Project("{FAE04EC0-301F-11D3-BF4B-00C04F79EFBC}") = "myaspapp", "myaspapp\myaspapp.csproj", "{8AC657A5-DC0C-4A09-8BD8-123EFB7E9DE7}"
EndProject
Global
	GlobalSection(SolutionConfigurationPlatforms) = preSolution
		Debug|Any CPU = Debug|Any CPU
		Release|Any CPU = Release|Any CPU
	EndGlobalSection
	GlobalSection(ProjectConfigurationPlatforms) = postSolution
		{8AC657A5-DC0C-4A09-8BD8-123EFB7E9DE7}.Debug|Any CPU.ActiveCfg = Debug|Any CPU
		{8AC657A5-DC0C-4A09-8BD8-123EFB7E9DE7}.Debug|Any CPU.Build.0 = Debug|Any CPU
		{8AC657A5-DC0C-4A09-8BD8-123EFB7E9DE7}.Release|Any CPU.ActiveCfg = Release|Any CPU
		{8AC657A5-DC0C-4A09-8BD8-123EFB7E9DE7}.Release|Any CPU.Build.0 = Release|Any CPU
	EndGlobalSection
	GlobalSection(SolutionProperties) = preSolution
		HideSolutionNode = FALSE
	EndGlobalSection
	GlobalSection(ExtensibilityGlobals) = postSolution
		SolutionGuid = {7EEA3367-4D18-44C4-A58D-85068E279113}
	EndGlobalSection
EndGlobal
